// !$*UTF8*$!
{
	archiveVersion = 1;
	classes = {
	};
	objectVersion = 52;
	objects = {

/* Begin PBXBuildFile section */
		BF0C99882633120D005DCDA6 /* NewsViewModel.swift in Sources */ = {isa = PBXBuildFile; fileRef = BF0C99872633120D005DCDA6 /* NewsViewModel.swift */; };
		BF0C999126331D7B005DCDA6 /* URLImage in Frameworks */ = {isa = PBXBuildFile; productRef = BF0C999026331D7B005DCDA6 /* URLImage */; };
		BF0C999626331DCE005DCDA6 /* ArticleView.swift in Sources */ = {isa = PBXBuildFile; fileRef = BF0C999526331DCE005DCDA6 /* ArticleView.swift */; };
		BF0C999B26331E56005DCDA6 /* MyView.swift in Sources */ = {isa = PBXBuildFile; fileRef = BF0C999A26331E56005DCDA6 /* MyView.swift */; };
		BF0C99A02633D3CC005DCDA6 /* ErrorView.swift in Sources */ = {isa = PBXBuildFile; fileRef = BF0C999F2633D3CC005DCDA6 /* ErrorView.swift */; };
		BF18F5A126496FD50047EFFC /* OnboardingScreenViewq.swift in Sources */ = {isa = PBXBuildFile; fileRef = BF18F59B26496FD50047EFFC /* OnboardingScreenViewq.swift */; };
		BF18F5A226496FD50047EFFC /* PlistManager.swift in Sources */ = {isa = PBXBuildFile; fileRef = BF18F59C26496FD50047EFFC /* PlistManager.swift */; };
		BF18F5A326496FD50047EFFC /* OnboardingContentPlist.plist in Resources */ = {isa = PBXBuildFile; fileRef = BF18F59D26496FD50047EFFC /* OnboardingContentPlist.plist */; };
		BF18F5A426496FD50047EFFC /* OnboardingItem.swift in Sources */ = {isa = PBXBuildFile; fileRef = BF18F59E26496FD50047EFFC /* OnboardingItem.swift */; };
		BF18F5A526496FD50047EFFC /* OnboardingCardView.swift in Sources */ = {isa = PBXBuildFile; fileRef = BF18F59F26496FD50047EFFC /* OnboardingCardView.swift */; };
		BF18F5A626496FD50047EFFC /* OnboardingContentManager.swift in Sources */ = {isa = PBXBuildFile; fileRef = BF18F5A026496FD50047EFFC /* OnboardingContentManager.swift */; };
		BF18F5A9264A23420047EFFC /* ListingView.swift in Sources */ = {isa = PBXBuildFile; fileRef = BF18F5A8264A23420047EFFC /* ListingView.swift */; };
		BF18F5AB264A238C0047EFFC /* RefreshScrollView.swift in Sources */ = {isa = PBXBuildFile; fileRef = BF18F5AA264A238C0047EFFC /* RefreshScrollView.swift */; };
		BF18F5AD264A72740047EFFC /* Launch Screen.storyboard in Resources */ = {isa = PBXBuildFile; fileRef = BF18F5AC264A72740047EFFC /* Launch Screen.storyboard */; };
		BF40C6AA2633F90E007A2A4D /* APIService.swift in Sources */ = {isa = PBXBuildFile; fileRef = BF40C6A92633F90E007A2A4D /* APIService.swift */; };
		BF61077A2632977000FF485E /* LilNewsApp.swift in Sources */ = {isa = PBXBuildFile; fileRef = BF6107792632977000FF485E /* LilNewsApp.swift */; };
		BF61077C2632977000FF485E /* HomeView.swift in Sources */ = {isa = PBXBuildFile; fileRef = BF61077B2632977000FF485E /* HomeView.swift */; };
		BF61077E2632977300FF485E /* Assets.xcassets in Resources */ = {isa = PBXBuildFile; fileRef = BF61077D2632977300FF485E /* Assets.xcassets */; };
		BF6107812632977300FF485E /* Preview Assets.xcassets in Resources */ = {isa = PBXBuildFile; fileRef = BF6107802632977300FF485E /* Preview Assets.xcassets */; };
		BF6107AB2632979F00FF485E /* NewsResponse.swift in Sources */ = {isa = PBXBuildFile; fileRef = BF6107AA2632979F00FF485E /* NewsResponse.swift */; };
		BF6107B3263297EE00FF485E /* NewsEndPoint.swift in Sources */ = {isa = PBXBuildFile; fileRef = BF6107B2263297EE00FF485E /* NewsEndPoint.swift */; };
		BF6107B92632995100FF485E /* APIError.swift in Sources */ = {isa = PBXBuildFile; fileRef = BF6107B82632995100FF485E /* APIError.swift */; };
		BF6107C526329A3200FF485E /* NewsService.swift in Sources */ = {isa = PBXBuildFile; fileRef = BF6107C426329A3200FF485E /* NewsService.swift */; };
		BF6107D12633116600FF485E /* ResultState.swift in Sources */ = {isa = PBXBuildFile; fileRef = BF6107D02633116600FF485E /* ResultState.swift */; };
		BF7CF6532646400B00F6C9D2 /* SFSafariView.swift in Sources */ = {isa = PBXBuildFile; fileRef = BF7CF6522646400B00F6C9D2 /* SFSafariView.swift */; };
		BF7CF655264644FC00F6C9D2 /* MainView.swift in Sources */ = {isa = PBXBuildFile; fileRef = BF7CF654264644FC00F6C9D2 /* MainView.swift */; };
		BF7CF6572646453500F6C9D2 /* SettingsView.swift in Sources */ = {isa = PBXBuildFile; fileRef = BF7CF6562646453500F6C9D2 /* SettingsView.swift */; };
		BF7CF65A2646456800F6C9D2 /* SFSymbols.swift in Sources */ = {isa = PBXBuildFile; fileRef = BF7CF6592646456800F6C9D2 /* SFSymbols.swift */; };
		BF7CF65C264646F300F6C9D2 /* HomeView2.swift in Sources */ = {isa = PBXBuildFile; fileRef = BF7CF65B264646F300F6C9D2 /* HomeView2.swift */; };
		BF7CF65E2647E70C00F6C9D2 /* Constant.swift in Sources */ = {isa = PBXBuildFile; fileRef = BF7CF65D2647E70C00F6C9D2 /* Constant.swift */; };
		BF7CF6612648F1D700F6C9D2 /* SystemThemeManager.swift in Sources */ = {isa = PBXBuildFile; fileRef = BF7CF6602648F1D700F6C9D2 /* SystemThemeManager.swift */; };
/* End PBXBuildFile section */

/* Begin PBXContainerItemProxy section */
		BF6107882632977300FF485E /* PBXContainerItemProxy */ = {
			isa = PBXContainerItemProxy;
			containerPortal = BF61076E2632977000FF485E /* Project object */;
			proxyType = 1;
			remoteGlobalIDString = BF6107752632977000FF485E;
			remoteInfo = LilNews;
		};
		BF6107932632977300FF485E /* PBXContainerItemProxy */ = {
			isa = PBXContainerItemProxy;
			containerPortal = BF61076E2632977000FF485E /* Project object */;
			proxyType = 1;
			remoteGlobalIDString = BF6107752632977000FF485E;
			remoteInfo = LilNews;
		};
/* End PBXContainerItemProxy section */

/* Begin PBXFileReference section */
		BF0C99872633120D005DCDA6 /* NewsViewModel.swift */ = {isa = PBXFileReference; lastKnownFileType = sourcecode.swift; path = NewsViewModel.swift; sourceTree = "<group>"; };
		BF0C999526331DCE005DCDA6 /* ArticleView.swift */ = {isa = PBXFileReference; lastKnownFileType = sourcecode.swift; path = ArticleView.swift; sourceTree = "<group>"; };
		BF0C999A26331E56005DCDA6 /* MyView.swift */ = {isa = PBXFileReference; lastKnownFileType = sourcecode.swift; path = MyView.swift; sourceTree = "<group>"; };
		BF0C999F2633D3CC005DCDA6 /* ErrorView.swift */ = {isa = PBXFileReference; lastKnownFileType = sourcecode.swift; path = ErrorView.swift; sourceTree = "<group>"; };
		BF18F59B26496FD50047EFFC /* OnboardingScreenViewq.swift */ = {isa = PBXFileReference; fileEncoding = 4; lastKnownFileType = sourcecode.swift; path = OnboardingScreenViewq.swift; sourceTree = "<group>"; };
		BF18F59C26496FD50047EFFC /* PlistManager.swift */ = {isa = PBXFileReference; fileEncoding = 4; lastKnownFileType = sourcecode.swift; path = PlistManager.swift; sourceTree = "<group>"; };
		BF18F59D26496FD50047EFFC /* OnboardingContentPlist.plist */ = {isa = PBXFileReference; fileEncoding = 4; lastKnownFileType = text.plist.xml; path = OnboardingContentPlist.plist; sourceTree = "<group>"; };
		BF18F59E26496FD50047EFFC /* OnboardingItem.swift */ = {isa = PBXFileReference; fileEncoding = 4; lastKnownFileType = sourcecode.swift; path = OnboardingItem.swift; sourceTree = "<group>"; };
		BF18F59F26496FD50047EFFC /* OnboardingCardView.swift */ = {isa = PBXFileReference; fileEncoding = 4; lastKnownFileType = sourcecode.swift; path = OnboardingCardView.swift; sourceTree = "<group>"; };
		BF18F5A026496FD50047EFFC /* OnboardingContentManager.swift */ = {isa = PBXFileReference; fileEncoding = 4; lastKnownFileType = sourcecode.swift; path = OnboardingContentManager.swift; sourceTree = "<group>"; };
		BF18F5A8264A23420047EFFC /* ListingView.swift */ = {isa = PBXFileReference; lastKnownFileType = sourcecode.swift; path = ListingView.swift; sourceTree = "<group>"; };
		BF18F5AA264A238C0047EFFC /* RefreshScrollView.swift */ = {isa = PBXFileReference; fileEncoding = 4; lastKnownFileType = sourcecode.swift; path = RefreshScrollView.swift; sourceTree = "<group>"; };
		BF18F5AC264A72740047EFFC /* Launch Screen.storyboard */ = {isa = PBXFileReference; lastKnownFileType = file.storyboard; path = "Launch Screen.storyboard"; sourceTree = "<group>"; };
		BF40C6A92633F90E007A2A4D /* APIService.swift */ = {isa = PBXFileReference; fileEncoding = 4; lastKnownFileType = sourcecode.swift; path = APIService.swift; sourceTree = "<group>"; };
		BF6107762632977000FF485E /* DZ News.app */ = {isa = PBXFileReference; explicitFileType = wrapper.application; includeInIndex = 0; path = "DZ News.app"; sourceTree = BUILT_PRODUCTS_DIR; };
		BF6107792632977000FF485E /* LilNewsApp.swift */ = {isa = PBXFileReference; lastKnownFileType = sourcecode.swift; path = LilNewsApp.swift; sourceTree = "<group>"; };
		BF61077B2632977000FF485E /* HomeView.swift */ = {isa = PBXFileReference; lastKnownFileType = sourcecode.swift; path = HomeView.swift; sourceTree = "<group>"; };
		BF61077D2632977300FF485E /* Assets.xcassets */ = {isa = PBXFileReference; lastKnownFileType = folder.assetcatalog; path = Assets.xcassets; sourceTree = "<group>"; };
		BF6107802632977300FF485E /* Preview Assets.xcassets */ = {isa = PBXFileReference; lastKnownFileType = folder.assetcatalog; path = "Preview Assets.xcassets"; sourceTree = "<group>"; };
		BF6107822632977300FF485E /* Info.plist */ = {isa = PBXFileReference; lastKnownFileType = text.plist.xml; path = Info.plist; sourceTree = "<group>"; };
		BF6107872632977300FF485E /* LilNewsTests.xctest */ = {isa = PBXFileReference; explicitFileType = wrapper.cfbundle; includeInIndex = 0; path = LilNewsTests.xctest; sourceTree = BUILT_PRODUCTS_DIR; };
		BF61078D2632977300FF485E /* Info.plist */ = {isa = PBXFileReference; lastKnownFileType = text.plist.xml; path = Info.plist; sourceTree = "<group>"; };
		BF6107922632977300FF485E /* LilNewsUITests.xctest */ = {isa = PBXFileReference; explicitFileType = wrapper.cfbundle; includeInIndex = 0; path = LilNewsUITests.xctest; sourceTree = BUILT_PRODUCTS_DIR; };
		BF6107982632977300FF485E /* Info.plist */ = {isa = PBXFileReference; lastKnownFileType = text.plist.xml; path = Info.plist; sourceTree = "<group>"; };
		BF6107AA2632979F00FF485E /* NewsResponse.swift */ = {isa = PBXFileReference; lastKnownFileType = sourcecode.swift; path = NewsResponse.swift; sourceTree = "<group>"; };
		BF6107B2263297EE00FF485E /* NewsEndPoint.swift */ = {isa = PBXFileReference; lastKnownFileType = sourcecode.swift; path = NewsEndPoint.swift; sourceTree = "<group>"; };
		BF6107B82632995100FF485E /* APIError.swift */ = {isa = PBXFileReference; lastKnownFileType = sourcecode.swift; path = APIError.swift; sourceTree = "<group>"; };
		BF6107C426329A3200FF485E /* NewsService.swift */ = {isa = PBXFileReference; lastKnownFileType = sourcecode.swift; path = NewsService.swift; sourceTree = "<group>"; };
		BF6107D02633116600FF485E /* ResultState.swift */ = {isa = PBXFileReference; lastKnownFileType = sourcecode.swift; path = ResultState.swift; sourceTree = "<group>"; };
		BF7CF6522646400B00F6C9D2 /* SFSafariView.swift */ = {isa = PBXFileReference; fileEncoding = 4; lastKnownFileType = sourcecode.swift; path = SFSafariView.swift; sourceTree = "<group>"; };
		BF7CF654264644FC00F6C9D2 /* MainView.swift */ = {isa = PBXFileReference; lastKnownFileType = sourcecode.swift; path = MainView.swift; sourceTree = "<group>"; };
		BF7CF6562646453500F6C9D2 /* SettingsView.swift */ = {isa = PBXFileReference; lastKnownFileType = sourcecode.swift; path = SettingsView.swift; sourceTree = "<group>"; };
		BF7CF6592646456800F6C9D2 /* SFSymbols.swift */ = {isa = PBXFileReference; lastKnownFileType = sourcecode.swift; path = SFSymbols.swift; sourceTree = "<group>"; };
		BF7CF65B264646F300F6C9D2 /* HomeView2.swift */ = {isa = PBXFileReference; lastKnownFileType = sourcecode.swift; path = HomeView2.swift; sourceTree = "<group>"; };
		BF7CF65D2647E70C00F6C9D2 /* Constant.swift */ = {isa = PBXFileReference; lastKnownFileType = sourcecode.swift; path = Constant.swift; sourceTree = "<group>"; };
		BF7CF6602648F1D700F6C9D2 /* SystemThemeManager.swift */ = {isa = PBXFileReference; lastKnownFileType = sourcecode.swift; path = SystemThemeManager.swift; sourceTree = "<group>"; };
/* End PBXFileReference section */

/* Begin PBXFrameworksBuildPhase section */
		BF6107732632977000FF485E /* Frameworks */ = {
			isa = PBXFrameworksBuildPhase;
			buildActionMask = 2147483647;
			files = (
				BF0C999126331D7B005DCDA6 /* URLImage in Frameworks */,
			);
			runOnlyForDeploymentPostprocessing = 0;
		};
		BF6107842632977300FF485E /* Frameworks */ = {
			isa = PBXFrameworksBuildPhase;
			buildActionMask = 2147483647;
			files = (
			);
			runOnlyForDeploymentPostprocessing = 0;
		};
		BF61078F2632977300FF485E /* Frameworks */ = {
			isa = PBXFrameworksBuildPhase;
			buildActionMask = 2147483647;
			files = (
			);
			runOnlyForDeploymentPostprocessing = 0;
		};
/* End PBXFrameworksBuildPhase section */

/* Begin PBXGroup section */
		BF0C9986263311F8005DCDA6 /* ViewModel */ = {
			isa = PBXGroup;
			children = (
				BF0C99872633120D005DCDA6 /* NewsViewModel.swift */,
			);
			path = ViewModel;
			sourceTree = "<group>";
		};
		BF18F59A26496FC10047EFFC /* Onboarding */ = {
			isa = PBXGroup;
			children = (
				BF18F59B26496FD50047EFFC /* OnboardingScreenViewq.swift */,
				BF18F59F26496FD50047EFFC /* OnboardingCardView.swift */,
				BF18F59E26496FD50047EFFC /* OnboardingItem.swift */,
				BF18F59C26496FD50047EFFC /* PlistManager.swift */,
				BF18F5A026496FD50047EFFC /* OnboardingContentManager.swift */,
				BF18F59D26496FD50047EFFC /* OnboardingContentPlist.plist */,
			);
			path = Onboarding;
			sourceTree = "<group>";
		};
		BF18F5A7264A227B0047EFFC /* PullToTRefresh */ = {
			isa = PBXGroup;
			children = (
				BF18F5A8264A23420047EFFC /* ListingView.swift */,
				BF18F5AA264A238C0047EFFC /* RefreshScrollView.swift */,
			);
			path = PullToTRefresh;
			sourceTree = "<group>";
		};
		BF61076D2632977000FF485E = {
			isa = PBXGroup;
			children = (
				BF6107782632977000FF485E /* LilNews */,
				BF61078A2632977300FF485E /* LilNewsTests */,
				BF6107952632977300FF485E /* LilNewsUITests */,
				BF6107772632977000FF485E /* Products */,
			);
			sourceTree = "<group>";
		};
		BF6107772632977000FF485E /* Products */ = {
			isa = PBXGroup;
			children = (
				BF6107762632977000FF485E /* DZ News.app */,
				BF6107872632977300FF485E /* LilNewsTests.xctest */,
				BF6107922632977300FF485E /* LilNewsUITests.xctest */,
			);
			name = Products;
			sourceTree = "<group>";
		};
		BF6107782632977000FF485E /* LilNews */ = {
			isa = PBXGroup;
			children = (
				BF18F5A7264A227B0047EFFC /* PullToTRefresh */,
				BF18F59A26496FC10047EFFC /* Onboarding */,
				BF7CF65F2648F1C000F6C9D2 /* Theme */,
				BF7CF6582646455C00F6C9D2 /* Utilities */,
				BF0C9986263311F8005DCDA6 /* ViewModel */,
				BF6107CF2633115400FF485E /* States */,
				BF6107C326329A2700FF485E /* Service */,
				BF6107B72632994300FF485E /* Error */,
				BF6107A92632978B00FF485E /* EndPoint */,
				BF6107A82632978600FF485E /* Models */,
				BF6107A72632978100FF485E /* Views */,
				BF7A37132637FA2D003DB437 /* Support */,
				BF7A37122637FA1F003DB437 /* Testing */,
				BF6107822632977300FF485E /* Info.plist */,
				BF61077F2632977300FF485E /* Preview Content */,
				BF18F5AC264A72740047EFFC /* Launch Screen.storyboard */,
			);
			path = LilNews;
			sourceTree = "<group>";
		};
		BF61077F2632977300FF485E /* Preview Content */ = {
			isa = PBXGroup;
			children = (
				BF6107802632977300FF485E /* Preview Assets.xcassets */,
			);
			path = "Preview Content";
			sourceTree = "<group>";
		};
		BF61078A2632977300FF485E /* LilNewsTests */ = {
			isa = PBXGroup;
			children = (
				BF61078D2632977300FF485E /* Info.plist */,
			);
			path = LilNewsTests;
			sourceTree = "<group>";
		};
		BF6107952632977300FF485E /* LilNewsUITests */ = {
			isa = PBXGroup;
			children = (
				BF6107982632977300FF485E /* Info.plist */,
			);
			path = LilNewsUITests;
			sourceTree = "<group>";
		};
		BF6107A72632978100FF485E /* Views */ = {
			isa = PBXGroup;
			children = (
				BF7CF654264644FC00F6C9D2 /* MainView.swift */,
				BF61077B2632977000FF485E /* HomeView.swift */,
				BF7CF6562646453500F6C9D2 /* SettingsView.swift */,
				BF0C999526331DCE005DCDA6 /* ArticleView.swift */,
				BF0C999F2633D3CC005DCDA6 /* ErrorView.swift */,
				BF7CF6522646400B00F6C9D2 /* SFSafariView.swift */,
			);
			path = Views;
			sourceTree = "<group>";
		};
		BF6107A82632978600FF485E /* Models */ = {
			isa = PBXGroup;
			children = (
				BF6107AA2632979F00FF485E /* NewsResponse.swift */,
			);
			path = Models;
			sourceTree = "<group>";
		};
		BF6107A92632978B00FF485E /* EndPoint */ = {
			isa = PBXGroup;
			children = (
				BF6107B2263297EE00FF485E /* NewsEndPoint.swift */,
			);
			path = EndPoint;
			sourceTree = "<group>";
		};
		BF6107B72632994300FF485E /* Error */ = {
			isa = PBXGroup;
			children = (
				BF6107B82632995100FF485E /* APIError.swift */,
			);
			path = Error;
			sourceTree = "<group>";
		};
		BF6107C326329A2700FF485E /* Service */ = {
			isa = PBXGroup;
			children = (
				BF6107C426329A3200FF485E /* NewsService.swift */,
			);
			path = Service;
			sourceTree = "<group>";
		};
		BF6107CF2633115400FF485E /* States */ = {
			isa = PBXGroup;
			children = (
				BF6107D02633116600FF485E /* ResultState.swift */,
			);
			path = States;
			sourceTree = "<group>";
		};
		BF7A37122637FA1F003DB437 /* Testing */ = {
			isa = PBXGroup;
			children = (
				BF40C6A92633F90E007A2A4D /* APIService.swift */,
				BF0C999A26331E56005DCDA6 /* MyView.swift */,
				BF7CF65B264646F300F6C9D2 /* HomeView2.swift */,
			);
			path = Testing;
			sourceTree = "<group>";
		};
		BF7A37132637FA2D003DB437 /* Support */ = {
			isa = PBXGroup;
			children = (
				BF6107792632977000FF485E /* LilNewsApp.swift */,
				BF61077D2632977300FF485E /* Assets.xcassets */,
			);
			path = Support;
			sourceTree = "<group>";
		};
		BF7CF6582646455C00F6C9D2 /* Utilities */ = {
			isa = PBXGroup;
			children = (
				BF7CF6592646456800F6C9D2 /* SFSymbols.swift */,
				BF7CF65D2647E70C00F6C9D2 /* Constant.swift */,
			);
			path = Utilities;
			sourceTree = "<group>";
		};
		BF7CF65F2648F1C000F6C9D2 /* Theme */ = {
			isa = PBXGroup;
			children = (
				BF7CF6602648F1D700F6C9D2 /* SystemThemeManager.swift */,
			);
			path = Theme;
			sourceTree = "<group>";
		};
/* End PBXGroup section */

/* Begin PBXNativeTarget section */
		BF6107752632977000FF485E /* DZ News */ = {
			isa = PBXNativeTarget;
			buildConfigurationList = BF61079B2632977300FF485E /* Build configuration list for PBXNativeTarget "DZ News" */;
			buildPhases = (
				BF6107722632977000FF485E /* Sources */,
				BF6107732632977000FF485E /* Frameworks */,
				BF6107742632977000FF485E /* Resources */,
			);
			buildRules = (
			);
			dependencies = (
			);
			name = "DZ News";
			packageProductDependencies = (
				BF0C999026331D7B005DCDA6 /* URLImage */,
			);
			productName = LilNews;
			productReference = BF6107762632977000FF485E /* DZ News.app */;
			productType = "com.apple.product-type.application";
		};
		BF6107862632977300FF485E /* LilNewsTests */ = {
			isa = PBXNativeTarget;
			buildConfigurationList = BF61079E2632977300FF485E /* Build configuration list for PBXNativeTarget "LilNewsTests" */;
			buildPhases = (
				BF6107832632977300FF485E /* Sources */,
				BF6107842632977300FF485E /* Frameworks */,
				BF6107852632977300FF485E /* Resources */,
			);
			buildRules = (
			);
			dependencies = (
				BF6107892632977300FF485E /* PBXTargetDependency */,
			);
			name = LilNewsTests;
			productName = LilNewsTests;
			productReference = BF6107872632977300FF485E /* LilNewsTests.xctest */;
			productType = "com.apple.product-type.bundle.unit-test";
		};
		BF6107912632977300FF485E /* LilNewsUITests */ = {
			isa = PBXNativeTarget;
			buildConfigurationList = BF6107A12632977300FF485E /* Build configuration list for PBXNativeTarget "LilNewsUITests" */;
			buildPhases = (
				BF61078E2632977300FF485E /* Sources */,
				BF61078F2632977300FF485E /* Frameworks */,
				BF6107902632977300FF485E /* Resources */,
			);
			buildRules = (
			);
			dependencies = (
				BF6107942632977300FF485E /* PBXTargetDependency */,
			);
			name = LilNewsUITests;
			productName = LilNewsUITests;
			productReference = BF6107922632977300FF485E /* LilNewsUITests.xctest */;
			productType = "com.apple.product-type.bundle.ui-testing";
		};
/* End PBXNativeTarget section */

/* Begin PBXProject section */
		BF61076E2632977000FF485E /* Project object */ = {
			isa = PBXProject;
			attributes = {
				LastSwiftUpdateCheck = 1240;
				LastUpgradeCheck = 1240;
				TargetAttributes = {
					BF6107752632977000FF485E = {
						CreatedOnToolsVersion = 12.4;
					};
					BF6107862632977300FF485E = {
						CreatedOnToolsVersion = 12.4;
					};
					BF6107912632977300FF485E = {
						CreatedOnToolsVersion = 12.4;
					};
				};
			};
			buildConfigurationList = BF6107712632977000FF485E /* Build configuration list for PBXProject "LilNews" */;
			compatibilityVersion = "Xcode 9.3";
			developmentRegion = en;
			hasScannedForEncodings = 0;
			knownRegions = (
				en,
				Base,
			);
			mainGroup = BF61076D2632977000FF485E;
			packageReferences = (
				BF0C998F26331D7B005DCDA6 /* XCRemoteSwiftPackageReference "url-image" */,
			);
			productRefGroup = BF6107772632977000FF485E /* Products */;
			projectDirPath = "";
			projectRoot = "";
			targets = (
				BF6107752632977000FF485E /* DZ News */,
				BF6107862632977300FF485E /* LilNewsTests */,
				BF6107912632977300FF485E /* LilNewsUITests */,
			);
		};
/* End PBXProject section */

/* Begin PBXResourcesBuildPhase section */
		BF6107742632977000FF485E /* Resources */ = {
			isa = PBXResourcesBuildPhase;
			buildActionMask = 2147483647;
			files = (
				BF6107812632977300FF485E /* Preview Assets.xcassets in Resources */,
				BF61077E2632977300FF485E /* Assets.xcassets in Resources */,
				BF18F5AD264A72740047EFFC /* Launch Screen.storyboard in Resources */,
				BF18F5A326496FD50047EFFC /* OnboardingContentPlist.plist in Resources */,
			);
			runOnlyForDeploymentPostprocessing = 0;
		};
		BF6107852632977300FF485E /* Resources */ = {
			isa = PBXResourcesBuildPhase;
			buildActionMask = 2147483647;
			files = (
			);
			runOnlyForDeploymentPostprocessing = 0;
		};
		BF6107902632977300FF485E /* Resources */ = {
			isa = PBXResourcesBuildPhase;
			buildActionMask = 2147483647;
			files = (
			);
			runOnlyForDeploymentPostprocessing = 0;
		};
/* End PBXResourcesBuildPhase section */

/* Begin PBXSourcesBuildPhase section */
		BF6107722632977000FF485E /* Sources */ = {
			isa = PBXSourcesBuildPhase;
			buildActionMask = 2147483647;
			files = (
				BF7CF6572646453500F6C9D2 /* SettingsView.swift in Sources */,
				BF6107D12633116600FF485E /* ResultState.swift in Sources */,
				BF7CF655264644FC00F6C9D2 /* MainView.swift in Sources */,
				BF7CF65C264646F300F6C9D2 /* HomeView2.swift in Sources */,
				BF6107C526329A3200FF485E /* NewsService.swift in Sources */,
				BF0C999B26331E56005DCDA6 /* MyView.swift in Sources */,
				BF61077C2632977000FF485E /* HomeView.swift in Sources */,
				BF61077A2632977000FF485E /* LilNewsApp.swift in Sources */,
				BF6107AB2632979F00FF485E /* NewsResponse.swift in Sources */,
				BF18F5AB264A238C0047EFFC /* RefreshScrollView.swift in Sources */,
				BF6107B92632995100FF485E /* APIError.swift in Sources */,
				BF18F5A626496FD50047EFFC /* OnboardingContentManager.swift in Sources */,
				BF6107B3263297EE00FF485E /* NewsEndPoint.swift in Sources */,
				BF7CF65E2647E70C00F6C9D2 /* Constant.swift in Sources */,
				BF0C999626331DCE005DCDA6 /* ArticleView.swift in Sources */,
				BF18F5A426496FD50047EFFC /* OnboardingItem.swift in Sources */,
				BF0C99882633120D005DCDA6 /* NewsViewModel.swift in Sources */,
				BF18F5A9264A23420047EFFC /* ListingView.swift in Sources */,
				BF7CF65A2646456800F6C9D2 /* SFSymbols.swift in Sources */,
				BF18F5A226496FD50047EFFC /* PlistManager.swift in Sources */,
				BF40C6AA2633F90E007A2A4D /* APIService.swift in Sources */,
				BF7CF6532646400B00F6C9D2 /* SFSafariView.swift in Sources */,
				BF18F5A126496FD50047EFFC /* OnboardingScreenViewq.swift in Sources */,
				BF7CF6612648F1D700F6C9D2 /* SystemThemeManager.swift in Sources */,
				BF18F5A526496FD50047EFFC /* OnboardingCardView.swift in Sources */,
				BF0C99A02633D3CC005DCDA6 /* ErrorView.swift in Sources */,
			);
			runOnlyForDeploymentPostprocessing = 0;
		};
		BF6107832632977300FF485E /* Sources */ = {
			isa = PBXSourcesBuildPhase;
			buildActionMask = 2147483647;
			files = (
			);
			runOnlyForDeploymentPostprocessing = 0;
		};
		BF61078E2632977300FF485E /* Sources */ = {
			isa = PBXSourcesBuildPhase;
			buildActionMask = 2147483647;
			files = (
			);
			runOnlyForDeploymentPostprocessing = 0;
		};
/* End PBXSourcesBuildPhase section */

/* Begin PBXTargetDependency section */
		BF6107892632977300FF485E /* PBXTargetDependency */ = {
			isa = PBXTargetDependency;
			target = BF6107752632977000FF485E /* DZ News */;
			targetProxy = BF6107882632977300FF485E /* PBXContainerItemProxy */;
		};
		BF6107942632977300FF485E /* PBXTargetDependency */ = {
			isa = PBXTargetDependency;
			target = BF6107752632977000FF485E /* DZ News */;
			targetProxy = BF6107932632977300FF485E /* PBXContainerItemProxy */;
		};
/* End PBXTargetDependency section */

/* Begin XCBuildConfiguration section */
		BF6107992632977300FF485E /* Debug */ = {
			isa = XCBuildConfiguration;
			buildSettings = {
				ALWAYS_SEARCH_USER_PATHS = NO;
				CLANG_ANALYZER_NONNULL = YES;
				CLANG_ANALYZER_NUMBER_OBJECT_CONVERSION = YES_AGGRESSIVE;
				CLANG_CXX_LANGUAGE_STANDARD = "gnu++14";
				CLANG_CXX_LIBRARY = "libc++";
				CLANG_ENABLE_MODULES = YES;
				CLANG_ENABLE_OBJC_ARC = YES;
				CLANG_ENABLE_OBJC_WEAK = YES;
				CLANG_WARN_BLOCK_CAPTURE_AUTORELEASING = YES;
				CLANG_WARN_BOOL_CONVERSION = YES;
				CLANG_WARN_COMMA = YES;
				CLANG_WARN_CONSTANT_CONVERSION = YES;
				CLANG_WARN_DEPRECATED_OBJC_IMPLEMENTATIONS = YES;
				CLANG_WARN_DIRECT_OBJC_ISA_USAGE = YES_ERROR;
				CLANG_WARN_DOCUMENTATION_COMMENTS = YES;
				CLANG_WARN_EMPTY_BODY = YES;
				CLANG_WARN_ENUM_CONVERSION = YES;
				CLANG_WARN_INFINITE_RECURSION = YES;
				CLANG_WARN_INT_CONVERSION = YES;
				CLANG_WARN_NON_LITERAL_NULL_CONVERSION = YES;
				CLANG_WARN_OBJC_IMPLICIT_RETAIN_SELF = YES;
				CLANG_WARN_OBJC_LITERAL_CONVERSION = YES;
				CLANG_WARN_OBJC_ROOT_CLASS = YES_ERROR;
				CLANG_WARN_QUOTED_INCLUDE_IN_FRAMEWORK_HEADER = YES;
				CLANG_WARN_RANGE_LOOP_ANALYSIS = YES;
				CLANG_WARN_STRICT_PROTOTYPES = YES;
				CLANG_WARN_SUSPICIOUS_MOVE = YES;
				CLANG_WARN_UNGUARDED_AVAILABILITY = YES_AGGRESSIVE;
				CLANG_WARN_UNREACHABLE_CODE = YES;
				CLANG_WARN__DUPLICATE_METHOD_MATCH = YES;
				COPY_PHASE_STRIP = NO;
				DEBUG_INFORMATION_FORMAT = dwarf;
				ENABLE_STRICT_OBJC_MSGSEND = YES;
				ENABLE_TESTABILITY = YES;
				GCC_C_LANGUAGE_STANDARD = gnu11;
				GCC_DYNAMIC_NO_PIC = NO;
				GCC_NO_COMMON_BLOCKS = YES;
				GCC_OPTIMIZATION_LEVEL = 0;
				GCC_PREPROCESSOR_DEFINITIONS = (
					"DEBUG=1",
					"$(inherited)",
				);
				GCC_WARN_64_TO_32_BIT_CONVERSION = YES;
				GCC_WARN_ABOUT_RETURN_TYPE = YES_ERROR;
				GCC_WARN_UNDECLARED_SELECTOR = YES;
				GCC_WARN_UNINITIALIZED_AUTOS = YES_AGGRESSIVE;
				GCC_WARN_UNUSED_FUNCTION = YES;
				GCC_WARN_UNUSED_VARIABLE = YES;
				IPHONEOS_DEPLOYMENT_TARGET = 15.0;
				MTL_ENABLE_DEBUG_INFO = INCLUDE_SOURCE;
				MTL_FAST_MATH = YES;
				ONLY_ACTIVE_ARCH = YES;
				SDKROOT = iphoneos;
				SWIFT_ACTIVE_COMPILATION_CONDITIONS = DEBUG;
				SWIFT_OPTIMIZATION_LEVEL = "-Onone";
			};
			name = Debug;
		};
		BF61079A2632977300FF485E /* Release */ = {
			isa = XCBuildConfiguration;
			buildSettings = {
				ALWAYS_SEARCH_USER_PATHS = NO;
				CLANG_ANALYZER_NONNULL = YES;
				CLANG_ANALYZER_NUMBER_OBJECT_CONVERSION = YES_AGGRESSIVE;
				CLANG_CXX_LANGUAGE_STANDARD = "gnu++14";
				CLANG_CXX_LIBRARY = "libc++";
				CLANG_ENABLE_MODULES = YES;
				CLANG_ENABLE_OBJC_ARC = YES;
				CLANG_ENABLE_OBJC_WEAK = YES;
				CLANG_WARN_BLOCK_CAPTURE_AUTORELEASING = YES;
				CLANG_WARN_BOOL_CONVERSION = YES;
				CLANG_WARN_COMMA = YES;
				CLANG_WARN_CONSTANT_CONVERSION = YES;
				CLANG_WARN_DEPRECATED_OBJC_IMPLEMENTATIONS = YES;
				CLANG_WARN_DIRECT_OBJC_ISA_USAGE = YES_ERROR;
				CLANG_WARN_DOCUMENTATION_COMMENTS = YES;
				CLANG_WARN_EMPTY_BODY = YES;
				CLANG_WARN_ENUM_CONVERSION = YES;
				CLANG_WARN_INFINITE_RECURSION = YES;
				CLANG_WARN_INT_CONVERSION = YES;
				CLANG_WARN_NON_LITERAL_NULL_CONVERSION = YES;
				CLANG_WARN_OBJC_IMPLICIT_RETAIN_SELF = YES;
				CLANG_WARN_OBJC_LITERAL_CONVERSION = YES;
				CLANG_WARN_OBJC_ROOT_CLASS = YES_ERROR;
				CLANG_WARN_QUOTED_INCLUDE_IN_FRAMEWORK_HEADER = YES;
				CLANG_WARN_RANGE_LOOP_ANALYSIS = YES;
				CLANG_WARN_STRICT_PROTOTYPES = YES;
				CLANG_WARN_SUSPICIOUS_MOVE = YES;
				CLANG_WARN_UNGUARDED_AVAILABILITY = YES_AGGRESSIVE;
				CLANG_WARN_UNREACHABLE_CODE = YES;
				CLANG_WARN__DUPLICATE_METHOD_MATCH = YES;
				COPY_PHASE_STRIP = NO;
				DEBUG_INFORMATION_FORMAT = "dwarf-with-dsym";
				ENABLE_NS_ASSERTIONS = NO;
				ENABLE_STRICT_OBJC_MSGSEND = YES;
				GCC_C_LANGUAGE_STANDARD = gnu11;
				GCC_NO_COMMON_BLOCKS = YES;
				GCC_WARN_64_TO_32_BIT_CONVERSION = YES;
				GCC_WARN_ABOUT_RETURN_TYPE = YES_ERROR;
				GCC_WARN_UNDECLARED_SELECTOR = YES;
				GCC_WARN_UNINITIALIZED_AUTOS = YES_AGGRESSIVE;
				GCC_WARN_UNUSED_FUNCTION = YES;
				GCC_WARN_UNUSED_VARIABLE = YES;
				IPHONEOS_DEPLOYMENT_TARGET = 15.0;
				MTL_ENABLE_DEBUG_INFO = NO;
				MTL_FAST_MATH = YES;
				SDKROOT = iphoneos;
				SWIFT_COMPILATION_MODE = wholemodule;
				SWIFT_OPTIMIZATION_LEVEL = "-O";
				VALIDATE_PRODUCT = YES;
			};
			name = Release;
		};
		BF61079C2632977300FF485E /* Debug */ = {
			isa = XCBuildConfiguration;
			buildSettings = {
				ASSETCATALOG_COMPILER_APPICON_NAME = AppIcon;
				ASSETCATALOG_COMPILER_GLOBAL_ACCENT_COLOR_NAME = AccentColor;
				CODE_SIGN_STYLE = Automatic;
				DEVELOPMENT_ASSET_PATHS = "\"LilNews/Preview Content\"";
				DEVELOPMENT_TEAM = N492VC6PS9;
				ENABLE_PREVIEWS = YES;
				INFOPLIST_FILE = LilNews/Info.plist;
				IPHONEOS_DEPLOYMENT_TARGET = 15.0;
				LD_RUNPATH_SEARCH_PATHS = (
					"$(inherited)",
					"@executable_path/Frameworks",
				);
				MARKETING_VERSION = 1.0.1;
				PRODUCT_BUNDLE_IDENTIFIER = com.terrykuo.dznews;
				PRODUCT_NAME = "DZ News";
				SWIFT_VERSION = 5.0;
				TARGETED_DEVICE_FAMILY = 1;
			};
			name = Debug;
		};
		BF61079D2632977300FF485E /* Release */ = {
			isa = XCBuildConfiguration;
			buildSettings = {
				ASSETCATALOG_COMPILER_APPICON_NAME = AppIcon;
				ASSETCATALOG_COMPILER_GLOBAL_ACCENT_COLOR_NAME = AccentColor;
				CODE_SIGN_STYLE = Automatic;
				DEVELOPMENT_ASSET_PATHS = "\"LilNews/Preview Content\"";
				DEVELOPMENT_TEAM = N492VC6PS9;
				ENABLE_PREVIEWS = YES;
				INFOPLIST_FILE = LilNews/Info.plist;
				IPHONEOS_DEPLOYMENT_TARGET = 15.0;
				LD_RUNPATH_SEARCH_PATHS = (
					"$(inherited)",
					"@executable_path/Frameworks",
				);
				MARKETING_VERSION = 1.0.1;
				PRODUCT_BUNDLE_IDENTIFIER = com.terrykuo.dznews;
				PRODUCT_NAME = "DZ News";
				SWIFT_VERSION = 5.0;
				TARGETED_DEVICE_FAMILY = 1;
			};
			name = Release;
		};
		BF61079F2632977300FF485E /* Debug */ = {
			isa = XCBuildConfiguration;
			buildSettings = {
				ALWAYS_EMBED_SWIFT_STANDARD_LIBRARIES = YES;
				CODE_SIGN_STYLE = Automatic;
				DEVELOPMENT_TEAM = N492VC6PS9;
				INFOPLIST_FILE = LilNewsTests/Info.plist;
				IPHONEOS_DEPLOYMENT_TARGET = 14.0;
				LD_RUNPATH_SEARCH_PATHS = (
					"$(inherited)",
					"@executable_path/Frameworks",
					"@loader_path/Frameworks",
				);
				PRODUCT_BUNDLE_IDENTIFIER = com.dzhiphop.LilNewsTests;
				PRODUCT_NAME = "$(TARGET_NAME)";
				SWIFT_VERSION = 5.0;
				TARGETED_DEVICE_FAMILY = "1,2";
			};
			name = Debug;
		};
		BF6107A02632977300FF485E /* Release */ = {
			isa = XCBuildConfiguration;
			buildSettings = {
				ALWAYS_EMBED_SWIFT_STANDARD_LIBRARIES = YES;
				CODE_SIGN_STYLE = Automatic;
				DEVELOPMENT_TEAM = N492VC6PS9;
				INFOPLIST_FILE = LilNewsTests/Info.plist;
				IPHONEOS_DEPLOYMENT_TARGET = 14.0;
				LD_RUNPATH_SEARCH_PATHS = (
					"$(inherited)",
					"@executable_path/Frameworks",
					"@loader_path/Frameworks",
				);
				PRODUCT_BUNDLE_IDENTIFIER = com.dzhiphop.LilNewsTests;
				PRODUCT_NAME = "$(TARGET_NAME)";
				SWIFT_VERSION = 5.0;
				TARGETED_DEVICE_FAMILY = "1,2";
			};
			name = Release;
		};
		BF6107A22632977300FF485E /* Debug */ = {
			isa = XCBuildConfiguration;
			buildSettings = {
				ALWAYS_EMBED_SWIFT_STANDARD_LIBRARIES = YES;
				CODE_SIGN_STYLE = Automatic;
				DEVELOPMENT_TEAM = 9T3DK8DFL5;
				INFOPLIST_FILE = LilNewsUITests/Info.plist;
				LD_RUNPATH_SEARCH_PATHS = (
					"$(inherited)",
					"@executable_path/Frameworks",
					"@loader_path/Frameworks",
				);
				PRODUCT_BUNDLE_IDENTIFIER = com.dzhiphop.LilNewsUITests;
				PRODUCT_NAME = "$(TARGET_NAME)";
				PROVISIONING_PROFILE = "";
				SWIFT_VERSION = 5.0;
				TARGETED_DEVICE_FAMILY = "1,2";
			};
			name = Debug;
		};
		BF6107A32632977300FF485E /* Release */ = {
			isa = XCBuildConfiguration;
			buildSettings = {
				ALWAYS_EMBED_SWIFT_STANDARD_LIBRARIES = YES;
				CODE_SIGN_STYLE = Automatic;
				DEVELOPMENT_TEAM = 9T3DK8DFL5;
				INFOPLIST_FILE = LilNewsUITests/Info.plist;
				LD_RUNPATH_SEARCH_PATHS = (
					"$(inherited)",
					"@executable_path/Frameworks",
					"@loader_path/Frameworks",
				);
				PRODUCT_BUNDLE_IDENTIFIER = com.dzhiphop.LilNewsUITests;
				PRODUCT_NAME = "$(TARGET_NAME)";
				PROVISIONING_PROFILE = "";
				SWIFT_VERSION = 5.0;
				TARGETED_DEVICE_FAMILY = "1,2";
			};
			name = Release;
		};
/* End XCBuildConfiguration section */

/* Begin XCConfigurationList section */
		BF6107712632977000FF485E /* Build configuration list for PBXProject "LilNews" */ = {
			isa = XCConfigurationList;
			buildConfigurations = (
				BF6107992632977300FF485E /* Debug */,
				BF61079A2632977300FF485E /* Release */,
			);
			defaultConfigurationIsVisible = 0;
			defaultConfigurationName = Release;
		};
		BF61079B2632977300FF485E /* Build configuration list for PBXNativeTarget "DZ News" */ = {
			isa = XCConfigurationList;
			buildConfigurations = (
				BF61079C2632977300FF485E /* Debug */,
				BF61079D2632977300FF485E /* Release */,
			);
			defaultConfigurationIsVisible = 0;
			defaultConfigurationName = Release;
		};
		BF61079E2632977300FF485E /* Build configuration list for PBXNativeTarget "LilNewsTests" */ = {
			isa = XCConfigurationList;
			buildConfigurations = (
				BF61079F2632977300FF485E /* Debug */,
				BF6107A02632977300FF485E /* Release */,
			);
			defaultConfigurationIsVisible = 0;
			defaultConfigurationName = Release;
		};
		BF6107A12632977300FF485E /* Build configuration list for PBXNativeTarget "LilNewsUITests" */ = {
			isa = XCConfigurationList;
			buildConfigurations = (
				BF6107A22632977300FF485E /* Debug */,
				BF6107A32632977300FF485E /* Release */,
			);
			defaultConfigurationIsVisible = 0;
			defaultConfigurationName = Release;
		};
/* End XCConfigurationList section */

/* Begin XCRemoteSwiftPackageReference section */
		BF0C998F26331D7B005DCDA6 /* XCRemoteSwiftPackageReference "url-image" */ = {
			isa = XCRemoteSwiftPackageReference;
			repositoryURL = "https://github.com/dmytro-anokhin/url-image.git";
			requirement = {
				kind = upToNextMajorVersion;
				minimumVersion = 2.2.4;
			};
		};
/* End XCRemoteSwiftPackageReference section */

/* Begin XCSwiftPackageProductDependency section */
		BF0C999026331D7B005DCDA6 /* URLImage */ = {
			isa = XCSwiftPackageProductDependency;
			package = BF0C998F26331D7B005DCDA6 /* XCRemoteSwiftPackageReference "url-image" */;
			productName = URLImage;
		};
/* End XCSwiftPackageProductDependency section */
	};
	rootObject = BF61076E2632977000FF485E /* Project object */;
}
